PODS:
  - Crashlytics (3.11.1):
    - Fabric (~> 1.8.1)
  - Fabric (1.8.2)
  - LoginServiceKit (2.0.2)
  - Sparkle (1.21.2)

DEPENDENCIES:
  - Crashlytics
  - Fabric
  - LoginServiceKit (from `https://github.com/Clipy/LoginServiceKit.git`)
  - Sparkle

SPEC REPOS:
  https://github.com/cocoapods/specs.git:
    - Crashlytics
    - Fabric
    - Sparkle

EXTERNAL SOURCES:
  LoginServiceKit:
    :git: https://github.com/Clipy/LoginServiceKit.git

CHECKOUT OPTIONS:
  LoginServiceKit:
    :commit: 79c9d6d2cc25dc238e6044245bebdc8253a786f2
    :git: https://github.com/Clipy/LoginServiceKit.git

SPEC CHECKSUMS:
  Crashlytics: ca7ab4bc304aa216bdc2e4c1a96389ee77252203
  Fabric: d2b22f443ba195d8a7cc204da230977c72733b40
  LoginServiceKit: 5b4736234dc4cc96d786d8cd83e43b9ce5e7f1ca
  Sparkle: 1678d4707e7665960c7d1b43aca125e6392d11c4

PODFILE CHECKSUM: f237920f869d400b1819fdc4dd988f78ac218ef7

COCOAPODS: 1.7.1
