// !$*UTF8*$!
{
	archiveVersion = 1;
	classes = {
	};
	objectVersion = 46;
	objects = {

/* Begin PBXBuildFile section */
		2133242C1D79801E0060D48C /* AppDelegate.swift in Sources */ = {isa = PBXBuildFile; fileRef = 2133242B1D79801E0060D48C /* AppDelegate.swift */; };
		2133242E1D79801E0060D48C /* Assets.xcassets in Resources */ = {isa = PBXBuildFile; fileRef = 2133242D1D79801E0060D48C /* Assets.xcassets */; };
		213324311D79801E0060D48C /* MainMenu.xib in Resources */ = {isa = PBXBuildFile; fileRef = 2133242F1D79801E0060D48C /* MainMenu.xib */; };
		2133243A1D79967B0060D48C /* ViewController.swift in Sources */ = {isa = PBXBuildFile; fileRef = 213324381D79967B0060D48C /* ViewController.swift */; };
		2133243B1D79967B0060D48C /* ViewController.xib in Resources */ = {isa = PBXBuildFile; fileRef = 213324391D79967B0060D48C /* ViewController.xib */; };
		2133243F1D7999180060D48C /* EventMonitor.swift in Sources */ = {isa = PBXBuildFile; fileRef = 2133243E1D7999180060D48C /* EventMonitor.swift */; };
		21A668181D7F13CE009813E5 /* CustomButton.swift in Sources */ = {isa = PBXBuildFile; fileRef = 21A668171D7F13CE009813E5 /* CustomButton.swift */; };
		516400CAC8168D2AFC28B1AD /* Pods_SpStreamer.framework in Frameworks */ = {isa = PBXBuildFile; fileRef = 379B883B8D878D60A6FC1ADE /* Pods_SpStreamer.framework */; };
		647BEE621E5B2037007E3AB5 /* PopOver.xib in Resources */ = {isa = PBXBuildFile; fileRef = 647BEE611E5B2037007E3AB5 /* PopOver.xib */; };
		648984841E5C21C200EA2234 /* CustomVisualEffect.swift in Sources */ = {isa = PBXBuildFile; fileRef = 648984831E5C21C200EA2234 /* CustomVisualEffect.swift */; };
		ED32BD461EB42A26005F68C2 /* SettingsViewController.swift in Sources */ = {isa = PBXBuildFile; fileRef = ED32BD441EB42A26005F68C2 /* SettingsViewController.swift */; };
		ED32BD471EB42A26005F68C2 /* SettingsViewController.xib in Resources */ = {isa = PBXBuildFile; fileRef = ED32BD451EB42A26005F68C2 /* SettingsViewController.xib */; };
		ED32BD4A1EB431A2005F68C2 /* UserPreferences.swift in Sources */ = {isa = PBXBuildFile; fileRef = ED32BD491EB431A2005F68C2 /* UserPreferences.swift */; };
/* End PBXBuildFile section */

/* Begin PBXCopyFilesBuildPhase section */
		210C64531D7EB3E4001318FF /* Embed Frameworks */ = {
			isa = PBXCopyFilesBuildPhase;
			buildActionMask = 2147483647;
			dstPath = "";
			dstSubfolderSpec = 10;
			files = (
			);
			name = "Embed Frameworks";
			runOnlyForDeploymentPostprocessing = 0;
		};
/* End PBXCopyFilesBuildPhase section */

/* Begin PBXFileReference section */
		213324281D79801E0060D48C /* SpStreamer.app */ = {isa = PBXFileReference; explicitFileType = wrapper.application; includeInIndex = 0; path = SpStreamer.app; sourceTree = BUILT_PRODUCTS_DIR; };
		2133242B1D79801E0060D48C /* AppDelegate.swift */ = {isa = PBXFileReference; lastKnownFileType = sourcecode.swift; path = AppDelegate.swift; sourceTree = "<group>"; };
		2133242D1D79801E0060D48C /* Assets.xcassets */ = {isa = PBXFileReference; lastKnownFileType = folder.assetcatalog; path = Assets.xcassets; sourceTree = "<group>"; };
		213324301D79801E0060D48C /* Base */ = {isa = PBXFileReference; lastKnownFileType = file.xib; name = Base; path = Base.lproj/MainMenu.xib; sourceTree = "<group>"; };
		213324321D79801E0060D48C /* Info.plist */ = {isa = PBXFileReference; lastKnownFileType = text.plist.xml; path = Info.plist; sourceTree = "<group>"; };
		213324381D79967B0060D48C /* ViewController.swift */ = {isa = PBXFileReference; fileEncoding = 4; lastKnownFileType = sourcecode.swift; path = ViewController.swift; sourceTree = "<group>"; };
		213324391D79967B0060D48C /* ViewController.xib */ = {isa = PBXFileReference; fileEncoding = 4; lastKnownFileType = file.xib; path = ViewController.xib; sourceTree = "<group>"; };
		2133243E1D7999180060D48C /* EventMonitor.swift */ = {isa = PBXFileReference; fileEncoding = 4; lastKnownFileType = sourcecode.swift; path = EventMonitor.swift; sourceTree = "<group>"; };
		21A668171D7F13CE009813E5 /* CustomButton.swift */ = {isa = PBXFileReference; fileEncoding = 4; lastKnownFileType = sourcecode.swift; path = CustomButton.swift; sourceTree = "<group>"; };
		379B883B8D878D60A6FC1ADE /* Pods_SpStreamer.framework */ = {isa = PBXFileReference; explicitFileType = wrapper.framework; includeInIndex = 0; path = Pods_SpStreamer.framework; sourceTree = BUILT_PRODUCTS_DIR; };
		647BEE611E5B2037007E3AB5 /* PopOver.xib */ = {isa = PBXFileReference; fileEncoding = 4; lastKnownFileType = file.xib; path = PopOver.xib; sourceTree = "<group>"; };
		648984831E5C21C200EA2234 /* CustomVisualEffect.swift */ = {isa = PBXFileReference; fileEncoding = 4; lastKnownFileType = sourcecode.swift; path = CustomVisualEffect.swift; sourceTree = "<group>"; };
		966021F96AC8DD6D8E4A6DAF /* Pods-SpStreamer.release.xcconfig */ = {isa = PBXFileReference; includeInIndex = 1; lastKnownFileType = text.xcconfig; name = "Pods-SpStreamer.release.xcconfig"; path = "Pods/Target Support Files/Pods-SpStreamer/Pods-SpStreamer.release.xcconfig"; sourceTree = "<group>"; };
		D957B916D9B0D4C74B4EFF54 /* Pods-SpStreamer.debug.xcconfig */ = {isa = PBXFileReference; includeInIndex = 1; lastKnownFileType = text.xcconfig; name = "Pods-SpStreamer.debug.xcconfig"; path = "Pods/Target Support Files/Pods-SpStreamer/Pods-SpStreamer.debug.xcconfig"; sourceTree = "<group>"; };
		ED32BD441EB42A26005F68C2 /* SettingsViewController.swift */ = {isa = PBXFileReference; fileEncoding = 4; lastKnownFileType = sourcecode.swift; path = SettingsViewController.swift; sourceTree = "<group>"; };
		ED32BD451EB42A26005F68C2 /* SettingsViewController.xib */ = {isa = PBXFileReference; fileEncoding = 4; lastKnownFileType = file.xib; path = SettingsViewController.xib; sourceTree = "<group>"; };
		ED32BD491EB431A2005F68C2 /* UserPreferences.swift */ = {isa = PBXFileReference; fileEncoding = 4; lastKnownFileType = sourcecode.swift; path = UserPreferences.swift; sourceTree = "<group>"; };
/* End PBXFileReference section */

/* Begin PBXFrameworksBuildPhase section */
		213324251D79801E0060D48C /* Frameworks */ = {
			isa = PBXFrameworksBuildPhase;
			buildActionMask = 2147483647;
			files = (
				516400CAC8168D2AFC28B1AD /* Pods_SpStreamer.framework in Frameworks */,
			);
			runOnlyForDeploymentPostprocessing = 0;
		};
/* End PBXFrameworksBuildPhase section */

/* Begin PBXGroup section */
		2133241F1D79801E0060D48C = {
			isa = PBXGroup;
			children = (
				2133242A1D79801E0060D48C /* SpStreamer */,
				213324291D79801E0060D48C /* Products */,
				D5261F6E7BEA36A23255A84A /* Pods */,
				A41E658F2A33A401D35F4C51 /* Frameworks */,
			);
			sourceTree = "<group>";
		};
		213324291D79801E0060D48C /* Products */ = {
			isa = PBXGroup;
			children = (
				213324281D79801E0060D48C /* SpStreamer.app */,
			);
			name = Products;
			sourceTree = "<group>";
		};
		2133242A1D79801E0060D48C /* SpStreamer */ = {
			isa = PBXGroup;
			children = (
				ED32BD481EB42E36005F68C2 /* Settings */,
				21A668171D7F13CE009813E5 /* CustomButton.swift */,
				648984831E5C21C200EA2234 /* CustomVisualEffect.swift */,
				2133243E1D7999180060D48C /* EventMonitor.swift */,
				2133242B1D79801E0060D48C /* AppDelegate.swift */,
				213324381D79967B0060D48C /* ViewController.swift */,
				213324391D79967B0060D48C /* ViewController.xib */,
				647BEE611E5B2037007E3AB5 /* PopOver.xib */,
				2133242D1D79801E0060D48C /* Assets.xcassets */,
				2133242F1D79801E0060D48C /* MainMenu.xib */,
				213324321D79801E0060D48C /* Info.plist */,
			);
			name = SpStreamer;
			path = SpotMenu;
			sourceTree = "<group>";
		};
		A41E658F2A33A401D35F4C51 /* Frameworks */ = {
			isa = PBXGroup;
			children = (
				379B883B8D878D60A6FC1ADE /* Pods_SpStreamer.framework */,
			);
			name = Frameworks;
			sourceTree = "<group>";
		};
		D5261F6E7BEA36A23255A84A /* Pods */ = {
			isa = PBXGroup;
			children = (
				D957B916D9B0D4C74B4EFF54 /* Pods-SpStreamer.debug.xcconfig */,
				966021F96AC8DD6D8E4A6DAF /* Pods-SpStreamer.release.xcconfig */,
			);
			name = Pods;
			sourceTree = "<group>";
		};
		ED32BD481EB42E36005F68C2 /* Settings */ = {
			isa = PBXGroup;
			children = (
				ED32BD441EB42A26005F68C2 /* SettingsViewController.swift */,
				ED32BD491EB431A2005F68C2 /* UserPreferences.swift */,
				ED32BD451EB42A26005F68C2 /* SettingsViewController.xib */,
			);
			name = Settings;
			sourceTree = "<group>";
		};
/* End PBXGroup section */

/* Begin PBXNativeTarget section */
		213324271D79801E0060D48C /* SpStreamer */ = {
			isa = PBXNativeTarget;
			buildConfigurationList = 213324351D79801E0060D48C /* Build configuration list for PBXNativeTarget "SpStreamer" */;
			buildPhases = (
				BCC3DC66AF67FE7C48F9B35A /* [CP] Check Pods Manifest.lock */,
				213324241D79801E0060D48C /* Sources */,
				213324251D79801E0060D48C /* Frameworks */,
				213324261D79801E0060D48C /* Resources */,
				210C64531D7EB3E4001318FF /* Embed Frameworks */,
				F8E0917400630BBF5370A313 /* [CP] Embed Pods Frameworks */,
				AAC6D2D89D08D17D0DB46A69 /* [CP] Copy Pods Resources */,
			);
			buildRules = (
			);
			dependencies = (
			);
			name = SpStreamer;
			productName = SpotMenu;
			productReference = 213324281D79801E0060D48C /* SpStreamer.app */;
			productType = "com.apple.product-type.application";
		};
/* End PBXNativeTarget section */

/* Begin PBXProject section */
		213324201D79801E0060D48C /* Project object */ = {
			isa = PBXProject;
			attributes = {
				LastSwiftUpdateCheck = 0730;
				LastUpgradeCheck = 0800;
				ORGANIZATIONNAME = KM;
				TargetAttributes = {
					213324271D79801E0060D48C = {
						CreatedOnToolsVersion = 7.3.1;
						LastSwiftMigration = 0800;
					};
				};
			};
			buildConfigurationList = 213324231D79801E0060D48C /* Build configuration list for PBXProject "SpStreamer" */;
			compatibilityVersion = "Xcode 3.2";
			developmentRegion = English;
			hasScannedForEncodings = 0;
			knownRegions = (
				en,
				Base,
			);
			mainGroup = 2133241F1D79801E0060D48C;
			productRefGroup = 213324291D79801E0060D48C /* Products */;
			projectDirPath = "";
			projectRoot = "";
			targets = (
				213324271D79801E0060D48C /* SpStreamer */,
			);
		};
/* End PBXProject section */

/* Begin PBXResourcesBuildPhase section */
		213324261D79801E0060D48C /* Resources */ = {
			isa = PBXResourcesBuildPhase;
			buildActionMask = 2147483647;
			files = (
				647BEE621E5B2037007E3AB5 /* PopOver.xib in Resources */,
				ED32BD471EB42A26005F68C2 /* SettingsViewController.xib in Resources */,
				2133243B1D79967B0060D48C /* ViewController.xib in Resources */,
				2133242E1D79801E0060D48C /* Assets.xcassets in Resources */,
				213324311D79801E0060D48C /* MainMenu.xib in Resources */,
			);
			runOnlyForDeploymentPostprocessing = 0;
		};
/* End PBXResourcesBuildPhase section */

/* Begin PBXShellScriptBuildPhase section */
		AAC6D2D89D08D17D0DB46A69 /* [CP] Copy Pods Resources */ = {
			isa = PBXShellScriptBuildPhase;
			buildActionMask = 2147483647;
			files = (
			);
			inputPaths = (
			);
			name = "[CP] Copy Pods Resources";
			outputPaths = (
			);
			runOnlyForDeploymentPostprocessing = 0;
			shellPath = /bin/sh;
			shellScript = "\"${SRCROOT}/Pods/Target Support Files/Pods-SpStreamer/Pods-SpStreamer-resources.sh\"\n";
			showEnvVarsInLog = 0;
		};
		BCC3DC66AF67FE7C48F9B35A /* [CP] Check Pods Manifest.lock */ = {
			isa = PBXShellScriptBuildPhase;
			buildActionMask = 2147483647;
			files = (
			);
			inputPaths = (
			);
			name = "[CP] Check Pods Manifest.lock";
			outputPaths = (
			);
			runOnlyForDeploymentPostprocessing = 0;
			shellPath = /bin/sh;
			shellScript = "diff \"${PODS_PODFILE_DIR_PATH}/Podfile.lock\" \"${PODS_ROOT}/Manifest.lock\" > /dev/null\nif [ $? != 0 ] ; then\n    # print error to STDERR\n    echo \"error: The sandbox is not in sync with the Podfile.lock. Run 'pod install' or update your CocoaPods installation.\" >&2\n    exit 1\nfi\n";
			showEnvVarsInLog = 0;
		};
		F8E0917400630BBF5370A313 /* [CP] Embed Pods Frameworks */ = {
			isa = PBXShellScriptBuildPhase;
			buildActionMask = 2147483647;
			files = (
			);
			inputPaths = (
			);
			name = "[CP] Embed Pods Frameworks";
			outputPaths = (
			);
			runOnlyForDeploymentPostprocessing = 0;
			shellPath = /bin/sh;
			shellScript = "\"${SRCROOT}/Pods/Target Support Files/Pods-SpStreamer/Pods-SpStreamer-frameworks.sh\"\n";
			showEnvVarsInLog = 0;
		};
/* End PBXShellScriptBuildPhase section */

/* Begin PBXSourcesBuildPhase section */
		213324241D79801E0060D48C /* Sources */ = {
			isa = PBXSourcesBuildPhase;
			buildActionMask = 2147483647;
			files = (
				21A668181D7F13CE009813E5 /* CustomButton.swift in Sources */,
				2133243F1D7999180060D48C /* EventMonitor.swift in Sources */,
				648984841E5C21C200EA2234 /* CustomVisualEffect.swift in Sources */,
				2133242C1D79801E0060D48C /* AppDelegate.swift in Sources */,
				2133243A1D79967B0060D48C /* ViewController.swift in Sources */,
				ED32BD461EB42A26005F68C2 /* SettingsViewController.swift in Sources */,
				ED32BD4A1EB431A2005F68C2 /* UserPreferences.swift in Sources */,
			);
			runOnlyForDeploymentPostprocessing = 0;
		};
/* End PBXSourcesBuildPhase section */

/* Begin PBXVariantGroup section */
		2133242F1D79801E0060D48C /* MainMenu.xib */ = {
			isa = PBXVariantGroup;
			children = (
				213324301D79801E0060D48C /* Base */,
			);
			name = MainMenu.xib;
			sourceTree = "<group>";
		};
/* End PBXVariantGroup section */

/* Begin XCBuildConfiguration section */
		213324331D79801E0060D48C /* Debug */ = {
			isa = XCBuildConfiguration;
			buildSettings = {
				ALWAYS_SEARCH_USER_PATHS = NO;
				CLANG_ANALYZER_NONNULL = YES;
				CLANG_CXX_LANGUAGE_STANDARD = "gnu++0x";
				CLANG_CXX_LIBRARY = "libc++";
				CLANG_ENABLE_MODULES = YES;
				CLANG_ENABLE_OBJC_ARC = YES;
				CLANG_WARN_BOOL_CONVERSION = YES;
				CLANG_WARN_CONSTANT_CONVERSION = YES;
				CLANG_WARN_DIRECT_OBJC_ISA_USAGE = YES_ERROR;
				CLANG_WARN_EMPTY_BODY = YES;
				CLANG_WARN_ENUM_CONVERSION = YES;
				CLANG_WARN_INFINITE_RECURSION = YES;
				CLANG_WARN_INT_CONVERSION = YES;
				CLANG_WARN_OBJC_ROOT_CLASS = YES_ERROR;
				CLANG_WARN_SUSPICIOUS_MOVE = YES;
				CLANG_WARN_UNREACHABLE_CODE = YES;
				CLANG_WARN__DUPLICATE_METHOD_MATCH = YES;
				CODE_SIGN_IDENTITY = "-";
				COPY_PHASE_STRIP = NO;
				DEBUG_INFORMATION_FORMAT = dwarf;
				ENABLE_STRICT_OBJC_MSGSEND = YES;
				ENABLE_TESTABILITY = YES;
				GCC_C_LANGUAGE_STANDARD = gnu99;
				GCC_DYNAMIC_NO_PIC = NO;
				GCC_NO_COMMON_BLOCKS = YES;
				GCC_OPTIMIZATION_LEVEL = 0;
				GCC_PREPROCESSOR_DEFINITIONS = (
					"DEBUG=1",
					"$(inherited)",
				);
				GCC_WARN_64_TO_32_BIT_CONVERSION = YES;
				GCC_WARN_ABOUT_RETURN_TYPE = YES_ERROR;
				GCC_WARN_UNDECLARED_SELECTOR = YES;
				GCC_WARN_UNINITIALIZED_AUTOS = YES_AGGRESSIVE;
				GCC_WARN_UNUSED_FUNCTION = YES;
				GCC_WARN_UNUSED_VARIABLE = YES;
				MACOSX_DEPLOYMENT_TARGET = 10.10;
				MTL_ENABLE_DEBUG_INFO = YES;
				ONLY_ACTIVE_ARCH = YES;
				SDKROOT = macosx;
				SWIFT_OPTIMIZATION_LEVEL = "-Onone";
			};
			name = Debug;
		};
		213324341D79801E0060D48C /* Release */ = {
			isa = XCBuildConfiguration;
			buildSettings = {
				ALWAYS_SEARCH_USER_PATHS = NO;
				CLANG_ANALYZER_NONNULL = YES;
				CLANG_CXX_LANGUAGE_STANDARD = "gnu++0x";
				CLANG_CXX_LIBRARY = "libc++";
				CLANG_ENABLE_MODULES = YES;
				CLANG_ENABLE_OBJC_ARC = YES;
				CLANG_WARN_BOOL_CONVERSION = YES;
				CLANG_WARN_CONSTANT_CONVERSION = YES;
				CLANG_WARN_DIRECT_OBJC_ISA_USAGE = YES_ERROR;
				CLANG_WARN_EMPTY_BODY = YES;
				CLANG_WARN_ENUM_CONVERSION = YES;
				CLANG_WARN_INFINITE_RECURSION = YES;
				CLANG_WARN_INT_CONVERSION = YES;
				CLANG_WARN_OBJC_ROOT_CLASS = YES_ERROR;
				CLANG_WARN_SUSPICIOUS_MOVE = YES;
				CLANG_WARN_UNREACHABLE_CODE = YES;
				CLANG_WARN__DUPLICATE_METHOD_MATCH = YES;
				CODE_SIGN_IDENTITY = "-";
				COPY_PHASE_STRIP = NO;
				DEBUG_INFORMATION_FORMAT = "dwarf-with-dsym";
				ENABLE_NS_ASSERTIONS = NO;
				ENABLE_STRICT_OBJC_MSGSEND = YES;
				GCC_C_LANGUAGE_STANDARD = gnu99;
				GCC_NO_COMMON_BLOCKS = YES;
				GCC_WARN_64_TO_32_BIT_CONVERSION = YES;
				GCC_WARN_ABOUT_RETURN_TYPE = YES_ERROR;
				GCC_WARN_UNDECLARED_SELECTOR = YES;
				GCC_WARN_UNINITIALIZED_AUTOS = YES_AGGRESSIVE;
				GCC_WARN_UNUSED_FUNCTION = YES;
				GCC_WARN_UNUSED_VARIABLE = YES;
				MACOSX_DEPLOYMENT_TARGET = 10.10;
				MTL_ENABLE_DEBUG_INFO = NO;
				SDKROOT = macosx;
				SWIFT_OPTIMIZATION_LEVEL = "-Owholemodule";
			};
			name = Release;
		};
		213324361D79801E0060D48C /* Debug */ = {
			isa = XCBuildConfiguration;
			baseConfigurationReference = D957B916D9B0D4C74B4EFF54 /* Pods-SpStreamer.debug.xcconfig */;
			buildSettings = {
				ASSETCATALOG_COMPILER_APPICON_NAME = "AppIcon-2";
				COMBINE_HIDPI_IMAGES = YES;
				INFOPLIST_FILE = SpotMenu/Info.plist;
				LD_RUNPATH_SEARCH_PATHS = "$(inherited) @executable_path/../Frameworks";
				PRODUCT_BUNDLE_IDENTIFIER = com.framirez.SpStreamer;
				PRODUCT_NAME = "$(TARGET_NAME)";
				SWIFT_VERSION = 3.0;
			};
			name = Debug;
		};
		213324371D79801E0060D48C /* Release */ = {
			isa = XCBuildConfiguration;
			baseConfigurationReference = 966021F96AC8DD6D8E4A6DAF /* Pods-SpStreamer.release.xcconfig */;
			buildSettings = {
				ASSETCATALOG_COMPILER_APPICON_NAME = "AppIcon-2";
				COMBINE_HIDPI_IMAGES = YES;
				INFOPLIST_FILE = SpotMenu/Info.plist;
				LD_RUNPATH_SEARCH_PATHS = "$(inherited) @executable_path/../Frameworks";
				PRODUCT_BUNDLE_IDENTIFIER = com.framirez.SpStreamer;
				PRODUCT_NAME = "$(TARGET_NAME)";
				SWIFT_VERSION = 3.0;
			};
			name = Release;
		};
/* End XCBuildConfiguration section */

/* Begin XCConfigurationList section */
		213324231D79801E0060D48C /* Build configuration list for PBXProject "SpStreamer" */ = {
			isa = XCConfigurationList;
			buildConfigurations = (
				213324331D79801E0060D48C /* Debug */,
				213324341D79801E0060D48C /* Release */,
			);
			defaultConfigurationIsVisible = 0;
			defaultConfigurationName = Release;
		};
		213324351D79801E0060D48C /* Build configuration list for PBXNativeTarget "SpStreamer" */ = {
			isa = XCConfigurationList;
			buildConfigurations = (
				213324361D79801E0060D48C /* Debug */,
				213324371D79801E0060D48C /* Release */,
			);
			defaultConfigurationIsVisible = 0;
			defaultConfigurationName = Release;
		};
/* End XCConfigurationList section */
	};
	rootObject = 213324201D79801E0060D48C /* Project object */;
}
